
Microsoft Visual Studio Solution File, Format Version 12.00
# Visual Studio Version 16
VisualStudioVersion = 16.0.28803.156
MinimumVisualStudioVersion = 10.0.40219.1
Project("{FAE04EC0-301F-11D3-BF4B-00C04F79EFBC}") = "ATH", "AddrToHex\ATH.csproj", "{AEAA5248-63B4-40AF-A4BB-076AF71C442F}"
EndProject
Global
	GlobalSection(SolutionConfigurationPlatforms) = preSolution
		Debug|Any CPU = Debug|Any CPU
		Release|Any CPU = Release|Any CPU
	EndGlobalSection
	GlobalSection(ProjectConfigurationPlatforms) = postSolution
		{AEAA5248-63B4-40AF-A4BB-076AF71C442F}.Debug|Any CPU.ActiveCfg = Debug|Any CPU
		{AEAA5248-63B4-40AF-A4BB-076AF71C442F}.Debug|Any CPU.Build.0 = Debug|Any CPU
		{AEAA5248-63B4-40AF-A4BB-076AF71C442F}.Release|Any CPU.ActiveCfg = Release|Any CPU
		{AEAA5248-63B4-40AF-A4BB-076AF71C442F}.Release|Any CPU.Build.0 = Release|Any CPU
	EndGlobalSection
	GlobalSection(SolutionProperties) = preSolution
		HideSolutionNode = FALSE
	EndGlobalSection
	GlobalSection(ExtensibilityGlobals) = postSolution
		SolutionGuid = {3F49EE49-1769-4136-B707-96A5DF6DB6EB}
	EndGlobalSection
EndGlobal
